// !$*UTF8*$!
{
	archiveVersion = 1;
	classes = {
	};
	objectVersion = 46;
	objects = {

/* Begin PBXBuildFile section */
		B28414721D009C0700187C19 /* AppDelegate.swift in Sources */ = {isa = PBXBuildFile; fileRef = B28414711D009C0700187C19 /* AppDelegate.swift */; };
		B28414741D009C0700187C19 /* MainVC.swift in Sources */ = {isa = PBXBuildFile; fileRef = B28414731D009C0700187C19 /* MainVC.swift */; };
		B28414771D009C0700187C19 /* Main.storyboard in Resources */ = {isa = PBXBuildFile; fileRef = B28414751D009C0700187C19 /* Main.storyboard */; };
		B284147A1D009C0700187C19 /* SomeJunk.xcdatamodeld in Sources */ = {isa = PBXBuildFile; fileRef = B28414781D009C0700187C19 /* SomeJunk.xcdatamodeld */; };
		B284147C1D009C0700187C19 /* Assets.xcassets in Resources */ = {isa = PBXBuildFile; fileRef = B284147B1D009C0700187C19 /* Assets.xcassets */; };
		B284147F1D009C0800187C19 /* LaunchScreen.storyboard in Resources */ = {isa = PBXBuildFile; fileRef = B284147D1D009C0800187C19 /* LaunchScreen.storyboard */; };
		B284148E1D00A07900187C19 /* Store+CoreDataProperties.swift in Sources */ = {isa = PBXBuildFile; fileRef = B28414861D00A07900187C19 /* Store+CoreDataProperties.swift */; };
		B284148F1D00A07900187C19 /* Store.swift in Sources */ = {isa = PBXBuildFile; fileRef = B28414871D00A07900187C19 /* Store.swift */; };
		B28414901D00A07900187C19 /* Image+CoreDataProperties.swift in Sources */ = {isa = PBXBuildFile; fileRef = B28414881D00A07900187C19 /* Image+CoreDataProperties.swift */; };
		B28414911D00A07900187C19 /* Image.swift in Sources */ = {isa = PBXBuildFile; fileRef = B28414891D00A07900187C19 /* Image.swift */; };
		B28414921D00A07900187C19 /* Item+CoreDataProperties.swift in Sources */ = {isa = PBXBuildFile; fileRef = B284148A1D00A07900187C19 /* Item+CoreDataProperties.swift */; };
		B28414931D00A07900187C19 /* Item.swift in Sources */ = {isa = PBXBuildFile; fileRef = B284148B1D00A07900187C19 /* Item.swift */; };
		B28414941D00A07900187C19 /* ItemType+CoreDataProperties.swift in Sources */ = {isa = PBXBuildFile; fileRef = B284148C1D00A07900187C19 /* ItemType+CoreDataProperties.swift */; };
		B28414951D00A07900187C19 /* ItemType.swift in Sources */ = {isa = PBXBuildFile; fileRef = B284148D1D00A07900187C19 /* ItemType.swift */; };
		B284149B1D00A7D100187C19 /* MaterialView.swift in Sources */ = {isa = PBXBuildFile; fileRef = B284149A1D00A7D100187C19 /* MaterialView.swift */; };
		B284149D1D00AA2F00187C19 /* ItemCell.swift in Sources */ = {isa = PBXBuildFile; fileRef = B284149C1D00AA2F00187C19 /* ItemCell.swift */; };
		B284149F1D00B94D00187C19 /* ItemDetailsVC.swift in Sources */ = {isa = PBXBuildFile; fileRef = B284149E1D00B94D00187C19 /* ItemDetailsVC.swift */; };
		B28414A11D00BB4100187C19 /* CustomTextField.swift in Sources */ = {isa = PBXBuildFile; fileRef = B28414A01D00BB4100187C19 /* CustomTextField.swift */; };
/* End PBXBuildFile section */

/* Begin PBXFileReference section */
		B284146E1D009C0700187C19 /* SomeJunk.app */ = {isa = PBXFileReference; explicitFileType = wrapper.application; includeInIndex = 0; path = SomeJunk.app; sourceTree = BUILT_PRODUCTS_DIR; };
		B28414711D009C0700187C19 /* AppDelegate.swift */ = {isa = PBXFileReference; lastKnownFileType = sourcecode.swift; path = AppDelegate.swift; sourceTree = "<group>"; };
		B28414731D009C0700187C19 /* MainVC.swift */ = {isa = PBXFileReference; lastKnownFileType = sourcecode.swift; path = MainVC.swift; sourceTree = "<group>"; };
		B28414761D009C0700187C19 /* Base */ = {isa = PBXFileReference; lastKnownFileType = file.storyboard; name = Base; path = Base.lproj/Main.storyboard; sourceTree = "<group>"; };
		B28414791D009C0700187C19 /* SomeJunk.xcdatamodel */ = {isa = PBXFileReference; lastKnownFileType = wrapper.xcdatamodel; path = SomeJunk.xcdatamodel; sourceTree = "<group>"; };
		B284147B1D009C0700187C19 /* Assets.xcassets */ = {isa = PBXFileReference; lastKnownFileType = folder.assetcatalog; path = Assets.xcassets; sourceTree = "<group>"; };
		B284147E1D009C0800187C19 /* Base */ = {isa = PBXFileReference; lastKnownFileType = file.storyboard; name = Base; path = Base.lproj/LaunchScreen.storyboard; sourceTree = "<group>"; };
		B28414801D009C0800187C19 /* Info.plist */ = {isa = PBXFileReference; lastKnownFileType = text.plist.xml; path = Info.plist; sourceTree = "<group>"; };
		B28414861D00A07900187C19 /* Store+CoreDataProperties.swift */ = {isa = PBXFileReference; fileEncoding = 4; lastKnownFileType = sourcecode.swift; name = "Store+CoreDataProperties.swift"; path = "../Store+CoreDataProperties.swift"; sourceTree = "<group>"; };
		B28414871D00A07900187C19 /* Store.swift */ = {isa = PBXFileReference; fileEncoding = 4; lastKnownFileType = sourcecode.swift; name = Store.swift; path = ../Store.swift; sourceTree = "<group>"; };
		B28414881D00A07900187C19 /* Image+CoreDataProperties.swift */ = {isa = PBXFileReference; fileEncoding = 4; lastKnownFileType = sourcecode.swift; name = "Image+CoreDataProperties.swift"; path = "../Image+CoreDataProperties.swift"; sourceTree = "<group>"; };
		B28414891D00A07900187C19 /* Image.swift */ = {isa = PBXFileReference; fileEncoding = 4; lastKnownFileType = sourcecode.swift; name = Image.swift; path = ../Image.swift; sourceTree = "<group>"; };
		B284148A1D00A07900187C19 /* Item+CoreDataProperties.swift */ = {isa = PBXFileReference; fileEncoding = 4; lastKnownFileType = sourcecode.swift; name = "Item+CoreDataProperties.swift"; path = "../Item+CoreDataProperties.swift"; sourceTree = "<group>"; };
		B284148B1D00A07900187C19 /* Item.swift */ = {isa = PBXFileReference; fileEncoding = 4; lastKnownFileType = sourcecode.swift; name = Item.swift; path = ../Item.swift; sourceTree = "<group>"; };
		B284148C1D00A07900187C19 /* ItemType+CoreDataProperties.swift */ = {isa = PBXFileReference; fileEncoding = 4; lastKnownFileType = sourcecode.swift; name = "ItemType+CoreDataProperties.swift"; path = "../ItemType+CoreDataProperties.swift"; sourceTree = "<group>"; };
		B284148D1D00A07900187C19 /* ItemType.swift */ = {isa = PBXFileReference; fileEncoding = 4; lastKnownFileType = sourcecode.swift; name = ItemType.swift; path = ../ItemType.swift; sourceTree = "<group>"; };
		B284149A1D00A7D100187C19 /* MaterialView.swift */ = {isa = PBXFileReference; fileEncoding = 4; lastKnownFileType = sourcecode.swift; path = MaterialView.swift; sourceTree = "<group>"; };
		B284149C1D00AA2F00187C19 /* ItemCell.swift */ = {isa = PBXFileReference; fileEncoding = 4; lastKnownFileType = sourcecode.swift; path = ItemCell.swift; sourceTree = "<group>"; };
		B284149E1D00B94D00187C19 /* ItemDetailsVC.swift */ = {isa = PBXFileReference; fileEncoding = 4; lastKnownFileType = sourcecode.swift; path = ItemDetailsVC.swift; sourceTree = "<group>"; };
		B28414A01D00BB4100187C19 /* CustomTextField.swift */ = {isa = PBXFileReference; fileEncoding = 4; lastKnownFileType = sourcecode.swift; path = CustomTextField.swift; sourceTree = "<group>"; };
/* End PBXFileReference section */

/* Begin PBXFrameworksBuildPhase section */
		B284146B1D009C0700187C19 /* Frameworks */ = {
			isa = PBXFrameworksBuildPhase;
			buildActionMask = 2147483647;
			files = (
			);
			runOnlyForDeploymentPostprocessing = 0;
		};
/* End PBXFrameworksBuildPhase section */

/* Begin PBXGroup section */
		B28414651D009C0700187C19 = {
			isa = PBXGroup;
			children = (
				B28414701D009C0700187C19 /* SomeJunk */,
				B284146F1D009C0700187C19 /* Products */,
			);
			sourceTree = "<group>";
		};
		B284146F1D009C0700187C19 /* Products */ = {
			isa = PBXGroup;
			children = (
				B284146E1D009C0700187C19 /* SomeJunk.app */,
			);
			name = Products;
			sourceTree = "<group>";
		};
		B28414701D009C0700187C19 /* SomeJunk */ = {
			isa = PBXGroup;
			children = (
				B28414991D00A7AD00187C19 /* View */,
				B28414971D00A09C00187C19 /* Model */,
				B28414961D00A08000187C19 /* Generated */,
				B28414981D00A37800187C19 /* Controller */,
				B28414711D009C0700187C19 /* AppDelegate.swift */,
				B28414751D009C0700187C19 /* Main.storyboard */,
				B284147B1D009C0700187C19 /* Assets.xcassets */,
				B284147D1D009C0800187C19 /* LaunchScreen.storyboard */,
				B28414801D009C0800187C19 /* Info.plist */,
				B28414781D009C0700187C19 /* SomeJunk.xcdatamodeld */,
			);
			path = SomeJunk;
			sourceTree = "<group>";
		};
		B28414961D00A08000187C19 /* Generated */ = {
			isa = PBXGroup;
			children = (
				B28414861D00A07900187C19 /* Store+CoreDataProperties.swift */,
				B28414881D00A07900187C19 /* Image+CoreDataProperties.swift */,
				B284148A1D00A07900187C19 /* Item+CoreDataProperties.swift */,
				B284148C1D00A07900187C19 /* ItemType+CoreDataProperties.swift */,
			);
			name = Generated;
			sourceTree = "<group>";
		};
		B28414971D00A09C00187C19 /* Model */ = {
			isa = PBXGroup;
			children = (
				B28414871D00A07900187C19 /* Store.swift */,
				B28414891D00A07900187C19 /* Image.swift */,
				B284148B1D00A07900187C19 /* Item.swift */,
				B284148D1D00A07900187C19 /* ItemType.swift */,
			);
			name = Model;
			sourceTree = "<group>";
		};
		B28414981D00A37800187C19 /* Controller */ = {
			isa = PBXGroup;
			children = (
				B28414731D009C0700187C19 /* MainVC.swift */,
				B284149E1D00B94D00187C19 /* ItemDetailsVC.swift */,
			);
			name = Controller;
			sourceTree = "<group>";
		};
		B28414991D00A7AD00187C19 /* View */ = {
			isa = PBXGroup;
			children = (
				B284149A1D00A7D100187C19 /* MaterialView.swift */,
				B284149C1D00AA2F00187C19 /* ItemCell.swift */,
				B28414A01D00BB4100187C19 /* CustomTextField.swift */,
			);
			name = View;
			sourceTree = "<group>";
		};
/* End PBXGroup section */

/* Begin PBXNativeTarget section */
		B284146D1D009C0700187C19 /* SomeJunk */ = {
			isa = PBXNativeTarget;
			buildConfigurationList = B28414831D009C0800187C19 /* Build configuration list for PBXNativeTarget "SomeJunk" */;
			buildPhases = (
				B284146A1D009C0700187C19 /* Sources */,
				B284146B1D009C0700187C19 /* Frameworks */,
				B284146C1D009C0700187C19 /* Resources */,
			);
			buildRules = (
			);
			dependencies = (
			);
			name = SomeJunk;
			productName = SomeJunk;
			productReference = B284146E1D009C0700187C19 /* SomeJunk.app */;
			productType = "com.apple.product-type.application";
		};
/* End PBXNativeTarget section */

/* Begin PBXProject section */
		B28414661D009C0700187C19 /* Project object */ = {
			isa = PBXProject;
			attributes = {
				LastSwiftUpdateCheck = 0730;
				LastUpgradeCheck = 0730;
				ORGANIZATIONNAME = TBLStudio;
				TargetAttributes = {
					B284146D1D009C0700187C19 = {
						CreatedOnToolsVersion = 7.3.1;
					};
				};
			};
			buildConfigurationList = B28414691D009C0700187C19 /* Build configuration list for PBXProject "SomeJunk" */;
			compatibilityVersion = "Xcode 3.2";
			developmentRegion = English;
			hasScannedForEncodings = 0;
			knownRegions = (
				en,
				Base,
			);
			mainGroup = B28414651D009C0700187C19;
			productRefGroup = B284146F1D009C0700187C19 /* Products */;
			projectDirPath = "";
			projectRoot = "";
			targets = (
				B284146D1D009C0700187C19 /* SomeJunk */,
			);
		};
/* End PBXProject section */

/* Begin PBXResourcesBuildPhase section */
		B284146C1D009C0700187C19 /* Resources */ = {
			isa = PBXResourcesBuildPhase;
			buildActionMask = 2147483647;
			files = (
				B284147F1D009C0800187C19 /* LaunchScreen.storyboard in Resources */,
				B284147C1D009C0700187C19 /* Assets.xcassets in Resources */,
				B28414771D009C0700187C19 /* Main.storyboard in Resources */,
			);
			runOnlyForDeploymentPostprocessing = 0;
		};
/* End PBXResourcesBuildPhase section */

/* Begin PBXSourcesBuildPhase section */
		B284146A1D009C0700187C19 /* Sources */ = {
			isa = PBXSourcesBuildPhase;
			buildActionMask = 2147483647;
			files = (
				B28414911D00A07900187C19 /* Image.swift in Sources */,
				B28414931D00A07900187C19 /* Item.swift in Sources */,
				B284148F1D00A07900187C19 /* Store.swift in Sources */,
				B284149B1D00A7D100187C19 /* MaterialView.swift in Sources */,
				B28414921D00A07900187C19 /* Item+CoreDataProperties.swift in Sources */,
				B284149D1D00AA2F00187C19 /* ItemCell.swift in Sources */,
				B28414741D009C0700187C19 /* MainVC.swift in Sources */,
				B284148E1D00A07900187C19 /* Store+CoreDataProperties.swift in Sources */,
				B284149F1D00B94D00187C19 /* ItemDetailsVC.swift in Sources */,
				B28414951D00A07900187C19 /* ItemType.swift in Sources */,
				B28414941D00A07900187C19 /* ItemType+CoreDataProperties.swift in Sources */,
				B28414901D00A07900187C19 /* Image+CoreDataProperties.swift in Sources */,
				B284147A1D009C0700187C19 /* SomeJunk.xcdatamodeld in Sources */,
				B28414721D009C0700187C19 /* AppDelegate.swift in Sources */,
				B28414A11D00BB4100187C19 /* CustomTextField.swift in Sources */,
			);
			runOnlyForDeploymentPostprocessing = 0;
		};
/* End PBXSourcesBuildPhase section */

/* Begin PBXVariantGroup section */
		B28414751D009C0700187C19 /* Main.storyboard */ = {
			isa = PBXVariantGroup;
			children = (
				B28414761D009C0700187C19 /* Base */,
			);
			name = Main.storyboard;
			sourceTree = "<group>";
		};
		B284147D1D009C0800187C19 /* LaunchScreen.storyboard */ = {
			isa = PBXVariantGroup;
			children = (
				B284147E1D009C0800187C19 /* Base */,
			);
			name = LaunchScreen.storyboard;
			sourceTree = "<group>";
		};
/* End PBXVariantGroup section */

/* Begin XCBuildConfiguration section */
		B28414811D009C0800187C19 /* Debug */ = {
			isa = XCBuildConfiguration;
			buildSettings = {
				ALWAYS_SEARCH_USER_PATHS = NO;
				CLANG_ANALYZER_NONNULL = YES;
				CLANG_CXX_LANGUAGE_STANDARD = "gnu++0x";
				CLANG_CXX_LIBRARY = "libc++";
				CLANG_ENABLE_MODULES = YES;
				CLANG_ENABLE_OBJC_ARC = YES;
				CLANG_WARN_BOOL_CONVERSION = YES;
				CLANG_WARN_CONSTANT_CONVERSION = YES;
				CLANG_WARN_DIRECT_OBJC_ISA_USAGE = YES_ERROR;
				CLANG_WARN_EMPTY_BODY = YES;
				CLANG_WARN_ENUM_CONVERSION = YES;
				CLANG_WARN_INT_CONVERSION = YES;
				CLANG_WARN_OBJC_ROOT_CLASS = YES_ERROR;
				CLANG_WARN_UNREACHABLE_CODE = YES;
				CLANG_WARN__DUPLICATE_METHOD_MATCH = YES;
				"CODE_SIGN_IDENTITY[sdk=iphoneos*]" = "iPhone Developer";
				COPY_PHASE_STRIP = NO;
				DEBUG_INFORMATION_FORMAT = dwarf;
				ENABLE_STRICT_OBJC_MSGSEND = YES;
				ENABLE_TESTABILITY = YES;
				GCC_C_LANGUAGE_STANDARD = gnu99;
				GCC_DYNAMIC_NO_PIC = NO;
				GCC_NO_COMMON_BLOCKS = YES;
				GCC_OPTIMIZATION_LEVEL = 0;
				GCC_PREPROCESSOR_DEFINITIONS = (
					"DEBUG=1",
					"$(inherited)",
				);
				GCC_WARN_64_TO_32_BIT_CONVERSION = YES;
				GCC_WARN_ABOUT_RETURN_TYPE = YES_ERROR;
				GCC_WARN_UNDECLARED_SELECTOR = YES;
				GCC_WARN_UNINITIALIZED_AUTOS = YES_AGGRESSIVE;
				GCC_WARN_UNUSED_FUNCTION = YES;
				GCC_WARN_UNUSED_VARIABLE = YES;
				IPHONEOS_DEPLOYMENT_TARGET = 9.3;
				MTL_ENABLE_DEBUG_INFO = YES;
				ONLY_ACTIVE_ARCH = YES;
				SDKROOT = iphoneos;
				SWIFT_OPTIMIZATION_LEVEL = "-Onone";
				TARGETED_DEVICE_FAMILY = "1,2";
			};
			name = Debug;
		};
		B28414821D009C0800187C19 /* Release */ = {
			isa = XCBuildConfiguration;
			buildSettings = {
				ALWAYS_SEARCH_USER_PATHS = NO;
				CLANG_ANALYZER_NONNULL = YES;
				CLANG_CXX_LANGUAGE_STANDARD = "gnu++0x";
				CLANG_CXX_LIBRARY = "libc++";
				CLANG_ENABLE_MODULES = YES;
				CLANG_ENABLE_OBJC_ARC = YES;
				CLANG_WARN_BOOL_CONVERSION = YES;
				CLANG_WARN_CONSTANT_CONVERSION = YES;
				CLANG_WARN_DIRECT_OBJC_ISA_USAGE = YES_ERROR;
				CLANG_WARN_EMPTY_BODY = YES;
				CLANG_WARN_ENUM_CONVERSION = YES;
				CLANG_WARN_INT_CONVERSION = YES;
				CLANG_WARN_OBJC_ROOT_CLASS = YES_ERROR;
				CLANG_WARN_UNREACHABLE_CODE = YES;
				CLANG_WARN__DUPLICATE_METHOD_MATCH = YES;
				"CODE_SIGN_IDENTITY[sdk=iphoneos*]" = "iPhone Developer";
				COPY_PHASE_STRIP = NO;
				DEBUG_INFORMATION_FORMAT = "dwarf-with-dsym";
				ENABLE_NS_ASSERTIONS = NO;
				ENABLE_STRICT_OBJC_MSGSEND = YES;
				GCC_C_LANGUAGE_STANDARD = gnu99;
				GCC_NO_COMMON_BLOCKS = YES;
				GCC_WARN_64_TO_32_BIT_CONVERSION = YES;
				GCC_WARN_ABOUT_RETURN_TYPE = YES_ERROR;
				GCC_WARN_UNDECLARED_SELECTOR = YES;
				GCC_WARN_UNINITIALIZED_AUTOS = YES_AGGRESSIVE;
				GCC_WARN_UNUSED_FUNCTION = YES;
				GCC_WARN_UNUSED_VARIABLE = YES;
				IPHONEOS_DEPLOYMENT_TARGET = 9.3;
				MTL_ENABLE_DEBUG_INFO = NO;
				SDKROOT = iphoneos;
				TARGETED_DEVICE_FAMILY = "1,2";
				VALIDATE_PRODUCT = YES;
			};
			name = Release;
		};
		B28414841D009C0800187C19 /* Debug */ = {
			isa = XCBuildConfiguration;
			buildSettings = {
				ASSETCATALOG_COMPILER_APPICON_NAME = AppIcon;
				INFOPLIST_FILE = SomeJunk/Info.plist;
				LD_RUNPATH_SEARCH_PATHS = "$(inherited) @executable_path/Frameworks";
				PRODUCT_BUNDLE_IDENTIFIER = TBLStudio.SomeJunk;
				PRODUCT_NAME = "$(TARGET_NAME)";
			};
			name = Debug;
		};
		B28414851D009C0800187C19 /* Release */ = {
			isa = XCBuildConfiguration;
			buildSettings = {
				ASSETCATALOG_COMPILER_APPICON_NAME = AppIcon;
				INFOPLIST_FILE = SomeJunk/Info.plist;
				LD_RUNPATH_SEARCH_PATHS = "$(inherited) @executable_path/Frameworks";
				PRODUCT_BUNDLE_IDENTIFIER = TBLStudio.SomeJunk;
				PRODUCT_NAME = "$(TARGET_NAME)";
			};
			name = Release;
		};
/* End XCBuildConfiguration section */

/* Begin XCConfigurationList section */
		B28414691D009C0700187C19 /* Build configuration list for PBXProject "SomeJunk" */ = {
			isa = XCConfigurationList;
			buildConfigurations = (
				B28414811D009C0800187C19 /* Debug */,
				B28414821D009C0800187C19 /* Release */,
			);
			defaultConfigurationIsVisible = 0;
			defaultConfigurationName = Release;
		};
		B28414831D009C0800187C19 /* Build configuration list for PBXNativeTarget "SomeJunk" */ = {
			isa = XCConfigurationList;
			buildConfigurations = (
				B28414841D009C0800187C19 /* Debug */,
				B28414851D009C0800187C19 /* Release */,
			);
			defaultConfigurationIsVisible = 0;
		};
/* End XCConfigurationList section */

/* Begin XCVersionGroup section */
		B28414781D009C0700187C19 /* SomeJunk.xcdatamodeld */ = {
			isa = XCVersionGroup;
			children = (
				B28414791D009C0700187C19 /* SomeJunk.xcdatamodel */,
			);
			currentVersion = B28414791D009C0700187C19 /* SomeJunk.xcdatamodel */;
			path = SomeJunk.xcdatamodeld;
			sourceTree = "<group>";
			versionGroupType = wrapper.xcdatamodel;
		};
/* End XCVersionGroup section */
	};
	rootObject = B28414661D009C0700187C19 /* Project object */;
}
