// !$*UTF8*$!
{
	archiveVersion = 1;
	classes = {
	};
	objectVersion = 46;
	objects = {

/* Begin PBXBuildFile section */
		B26890941CFB4109005F27AD /* AppDelegate.swift in Sources */ = {isa = PBXBuildFile; fileRef = B26890931CFB4109005F27AD /* AppDelegate.swift */; };
		B268909B1CFB4109005F27AD /* Assets.xcassets in Resources */ = {isa = PBXBuildFile; fileRef = B268909A1CFB4109005F27AD /* Assets.xcassets */; };
		B268909E1CFB4109005F27AD /* LaunchScreen.storyboard in Resources */ = {isa = PBXBuildFile; fileRef = B268909C1CFB4109005F27AD /* LaunchScreen.storyboard */; };
		B26890A61CFB4381005F27AD /* Player.swift in Sources */ = {isa = PBXBuildFile; fileRef = B26890A51CFB4381005F27AD /* Player.swift */; };
		B26890AD1CFB459A005F27AD /* adam.jpg in Resources */ = {isa = PBXBuildFile; fileRef = B26890A81CFB459A005F27AD /* adam.jpg */; };
		B26890AE1CFB459A005F27AD /* dam.jpg in Resources */ = {isa = PBXBuildFile; fileRef = B26890A91CFB459A005F27AD /* dam.jpg */; };
		B26890AF1CFB459A005F27AD /* jimbo.jpg in Resources */ = {isa = PBXBuildFile; fileRef = B26890AA1CFB459A005F27AD /* jimbo.jpg */; };
		B26890B01CFB459A005F27AD /* por.jpg in Resources */ = {isa = PBXBuildFile; fileRef = B26890AB1CFB459A005F27AD /* por.jpg */; };
		B26890B11CFB459A005F27AD /* sheed.jpg in Resources */ = {isa = PBXBuildFile; fileRef = B26890AC1CFB459A005F27AD /* sheed.jpg */; };
		B26890B31CFB508A005F27AD /* PlayersVC.swift in Sources */ = {isa = PBXBuildFile; fileRef = B26890B21CFB508A005F27AD /* PlayersVC.swift */; };
		B26890B51CFB534E005F27AD /* Main.storyboard in Resources */ = {isa = PBXBuildFile; fileRef = B26890B41CFB534E005F27AD /* Main.storyboard */; };
		B26890B71CFB6498005F27AD /* PlayerDetailVC.swift in Sources */ = {isa = PBXBuildFile; fileRef = B26890B61CFB6498005F27AD /* PlayerDetailVC.swift */; };
/* End PBXBuildFile section */

/* Begin PBXFileReference section */
		B26890901CFB4109005F27AD /* PlyerScoop.app */ = {isa = PBXFileReference; explicitFileType = wrapper.application; includeInIndex = 0; path = PlyerScoop.app; sourceTree = BUILT_PRODUCTS_DIR; };
		B26890931CFB4109005F27AD /* AppDelegate.swift */ = {isa = PBXFileReference; lastKnownFileType = sourcecode.swift; path = AppDelegate.swift; sourceTree = "<group>"; };
		B268909A1CFB4109005F27AD /* Assets.xcassets */ = {isa = PBXFileReference; lastKnownFileType = folder.assetcatalog; path = Assets.xcassets; sourceTree = "<group>"; };
		B268909D1CFB4109005F27AD /* Base */ = {isa = PBXFileReference; lastKnownFileType = file.storyboard; name = Base; path = Base.lproj/LaunchScreen.storyboard; sourceTree = "<group>"; };
		B268909F1CFB4109005F27AD /* Info.plist */ = {isa = PBXFileReference; lastKnownFileType = text.plist.xml; path = Info.plist; sourceTree = "<group>"; };
		B26890A51CFB4381005F27AD /* Player.swift */ = {isa = PBXFileReference; fileEncoding = 4; lastKnownFileType = sourcecode.swift; path = Player.swift; sourceTree = "<group>"; };
		B26890A81CFB459A005F27AD /* adam.jpg */ = {isa = PBXFileReference; lastKnownFileType = image.jpeg; path = adam.jpg; sourceTree = "<group>"; };
		B26890A91CFB459A005F27AD /* dam.jpg */ = {isa = PBXFileReference; lastKnownFileType = image.jpeg; path = dam.jpg; sourceTree = "<group>"; };
		B26890AA1CFB459A005F27AD /* jimbo.jpg */ = {isa = PBXFileReference; lastKnownFileType = image.jpeg; path = jimbo.jpg; sourceTree = "<group>"; };
		B26890AB1CFB459A005F27AD /* por.jpg */ = {isa = PBXFileReference; lastKnownFileType = image.jpeg; path = por.jpg; sourceTree = "<group>"; };
		B26890AC1CFB459A005F27AD /* sheed.jpg */ = {isa = PBXFileReference; lastKnownFileType = image.jpeg; path = sheed.jpg; sourceTree = "<group>"; };
		B26890B21CFB508A005F27AD /* PlayersVC.swift */ = {isa = PBXFileReference; fileEncoding = 4; lastKnownFileType = sourcecode.swift; path = PlayersVC.swift; sourceTree = "<group>"; };
		B26890B41CFB534E005F27AD /* Main.storyboard */ = {isa = PBXFileReference; fileEncoding = 4; lastKnownFileType = file.storyboard; path = Main.storyboard; sourceTree = "<group>"; };
		B26890B61CFB6498005F27AD /* PlayerDetailVC.swift */ = {isa = PBXFileReference; fileEncoding = 4; lastKnownFileType = sourcecode.swift; path = PlayerDetailVC.swift; sourceTree = "<group>"; };
/* End PBXFileReference section */

/* Begin PBXFrameworksBuildPhase section */
		B268908D1CFB4109005F27AD /* Frameworks */ = {
			isa = PBXFrameworksBuildPhase;
			buildActionMask = 2147483647;
			files = (
			);
			runOnlyForDeploymentPostprocessing = 0;
		};
/* End PBXFrameworksBuildPhase section */

/* Begin PBXGroup section */
		B26890871CFB4109005F27AD = {
			isa = PBXGroup;
			children = (
				B26890921CFB4109005F27AD /* PlyerScoop */,
				B26890911CFB4109005F27AD /* Products */,
			);
			sourceTree = "<group>";
		};
		B26890911CFB4109005F27AD /* Products */ = {
			isa = PBXGroup;
			children = (
				B26890901CFB4109005F27AD /* PlyerScoop.app */,
			);
			name = Products;
			sourceTree = "<group>";
		};
		B26890921CFB4109005F27AD /* PlyerScoop */ = {
			isa = PBXGroup;
			children = (
				B26890A71CFB4582005F27AD /* image */,
				B26890931CFB4109005F27AD /* AppDelegate.swift */,
				B26890B21CFB508A005F27AD /* PlayersVC.swift */,
				B26890B61CFB6498005F27AD /* PlayerDetailVC.swift */,
				B26890B41CFB534E005F27AD /* Main.storyboard */,
				B26890A51CFB4381005F27AD /* Player.swift */,
				B268909A1CFB4109005F27AD /* Assets.xcassets */,
				B268909C1CFB4109005F27AD /* LaunchScreen.storyboard */,
				B268909F1CFB4109005F27AD /* Info.plist */,
			);
			path = PlyerScoop;
			sourceTree = "<group>";
		};
		B26890A71CFB4582005F27AD /* image */ = {
			isa = PBXGroup;
			children = (
				B26890A81CFB459A005F27AD /* adam.jpg */,
				B26890A91CFB459A005F27AD /* dam.jpg */,
				B26890AA1CFB459A005F27AD /* jimbo.jpg */,
				B26890AB1CFB459A005F27AD /* por.jpg */,
				B26890AC1CFB459A005F27AD /* sheed.jpg */,
			);
			name = image;
			sourceTree = "<group>";
		};
/* End PBXGroup section */

/* Begin PBXNativeTarget section */
		B268908F1CFB4109005F27AD /* PlyerScoop */ = {
			isa = PBXNativeTarget;
			buildConfigurationList = B26890A21CFB4109005F27AD /* Build configuration list for PBXNativeTarget "PlyerScoop" */;
			buildPhases = (
				B268908C1CFB4109005F27AD /* Sources */,
				B268908D1CFB4109005F27AD /* Frameworks */,
				B268908E1CFB4109005F27AD /* Resources */,
			);
			buildRules = (
			);
			dependencies = (
			);
			name = PlyerScoop;
			productName = PlyerScoop;
			productReference = B26890901CFB4109005F27AD /* PlyerScoop.app */;
			productType = "com.apple.product-type.application";
		};
/* End PBXNativeTarget section */

/* Begin PBXProject section */
		B26890881CFB4109005F27AD /* Project object */ = {
			isa = PBXProject;
			attributes = {
				LastSwiftUpdateCheck = 0730;
				LastUpgradeCheck = 0730;
				ORGANIZATIONNAME = TBLStudio;
				TargetAttributes = {
					B268908F1CFB4109005F27AD = {
						CreatedOnToolsVersion = 7.3.1;
					};
				};
			};
			buildConfigurationList = B268908B1CFB4109005F27AD /* Build configuration list for PBXProject "PlyerScoop" */;
			compatibilityVersion = "Xcode 3.2";
			developmentRegion = English;
			hasScannedForEncodings = 0;
			knownRegions = (
				en,
				Base,
			);
			mainGroup = B26890871CFB4109005F27AD;
			productRefGroup = B26890911CFB4109005F27AD /* Products */;
			projectDirPath = "";
			projectRoot = "";
			targets = (
				B268908F1CFB4109005F27AD /* PlyerScoop */,
			);
		};
/* End PBXProject section */

/* Begin PBXResourcesBuildPhase section */
		B268908E1CFB4109005F27AD /* Resources */ = {
			isa = PBXResourcesBuildPhase;
			buildActionMask = 2147483647;
			files = (
				B268909E1CFB4109005F27AD /* LaunchScreen.storyboard in Resources */,
				B26890B11CFB459A005F27AD /* sheed.jpg in Resources */,
				B268909B1CFB4109005F27AD /* Assets.xcassets in Resources */,
				B26890B51CFB534E005F27AD /* Main.storyboard in Resources */,
				B26890AD1CFB459A005F27AD /* adam.jpg in Resources */,
				B26890AF1CFB459A005F27AD /* jimbo.jpg in Resources */,
				B26890B01CFB459A005F27AD /* por.jpg in Resources */,
				B26890AE1CFB459A005F27AD /* dam.jpg in Resources */,
			);
			runOnlyForDeploymentPostprocessing = 0;
		};
/* End PBXResourcesBuildPhase section */

/* Begin PBXSourcesBuildPhase section */
		B268908C1CFB4109005F27AD /* Sources */ = {
			isa = PBXSourcesBuildPhase;
			buildActionMask = 2147483647;
			files = (
				B26890B71CFB6498005F27AD /* PlayerDetailVC.swift in Sources */,
				B26890A61CFB4381005F27AD /* Player.swift in Sources */,
				B26890B31CFB508A005F27AD /* PlayersVC.swift in Sources */,
				B26890941CFB4109005F27AD /* AppDelegate.swift in Sources */,
			);
			runOnlyForDeploymentPostprocessing = 0;
		};
/* End PBXSourcesBuildPhase section */

/* Begin PBXVariantGroup section */
		B268909C1CFB4109005F27AD /* LaunchScreen.storyboard */ = {
			isa = PBXVariantGroup;
			children = (
				B268909D1CFB4109005F27AD /* Base */,
			);
			name = LaunchScreen.storyboard;
			sourceTree = "<group>";
		};
/* End PBXVariantGroup section */

/* Begin XCBuildConfiguration section */
		B26890A01CFB4109005F27AD /* Debug */ = {
			isa = XCBuildConfiguration;
			buildSettings = {
				ALWAYS_SEARCH_USER_PATHS = NO;
				CLANG_ANALYZER_NONNULL = YES;
				CLANG_CXX_LANGUAGE_STANDARD = "gnu++0x";
				CLANG_CXX_LIBRARY = "libc++";
				CLANG_ENABLE_MODULES = YES;
				CLANG_ENABLE_OBJC_ARC = YES;
				CLANG_WARN_BOOL_CONVERSION = YES;
				CLANG_WARN_CONSTANT_CONVERSION = YES;
				CLANG_WARN_DIRECT_OBJC_ISA_USAGE = YES_ERROR;
				CLANG_WARN_EMPTY_BODY = YES;
				CLANG_WARN_ENUM_CONVERSION = YES;
				CLANG_WARN_INT_CONVERSION = YES;
				CLANG_WARN_OBJC_ROOT_CLASS = YES_ERROR;
				CLANG_WARN_UNREACHABLE_CODE = YES;
				CLANG_WARN__DUPLICATE_METHOD_MATCH = YES;
				"CODE_SIGN_IDENTITY[sdk=iphoneos*]" = "iPhone Developer";
				COPY_PHASE_STRIP = NO;
				DEBUG_INFORMATION_FORMAT = dwarf;
				ENABLE_STRICT_OBJC_MSGSEND = YES;
				ENABLE_TESTABILITY = YES;
				GCC_C_LANGUAGE_STANDARD = gnu99;
				GCC_DYNAMIC_NO_PIC = NO;
				GCC_NO_COMMON_BLOCKS = YES;
				GCC_OPTIMIZATION_LEVEL = 0;
				GCC_PREPROCESSOR_DEFINITIONS = (
					"DEBUG=1",
					"$(inherited)",
				);
				GCC_WARN_64_TO_32_BIT_CONVERSION = YES;
				GCC_WARN_ABOUT_RETURN_TYPE = YES_ERROR;
				GCC_WARN_UNDECLARED_SELECTOR = YES;
				GCC_WARN_UNINITIALIZED_AUTOS = YES_AGGRESSIVE;
				GCC_WARN_UNUSED_FUNCTION = YES;
				GCC_WARN_UNUSED_VARIABLE = YES;
				IPHONEOS_DEPLOYMENT_TARGET = 9.0;
				MTL_ENABLE_DEBUG_INFO = YES;
				ONLY_ACTIVE_ARCH = YES;
				SDKROOT = iphoneos;
				SWIFT_OPTIMIZATION_LEVEL = "-Onone";
				TARGETED_DEVICE_FAMILY = "1,2";
			};
			name = Debug;
		};
		B26890A11CFB4109005F27AD /* Release */ = {
			isa = XCBuildConfiguration;
			buildSettings = {
				ALWAYS_SEARCH_USER_PATHS = NO;
				CLANG_ANALYZER_NONNULL = YES;
				CLANG_CXX_LANGUAGE_STANDARD = "gnu++0x";
				CLANG_CXX_LIBRARY = "libc++";
				CLANG_ENABLE_MODULES = YES;
				CLANG_ENABLE_OBJC_ARC = YES;
				CLANG_WARN_BOOL_CONVERSION = YES;
				CLANG_WARN_CONSTANT_CONVERSION = YES;
				CLANG_WARN_DIRECT_OBJC_ISA_USAGE = YES_ERROR;
				CLANG_WARN_EMPTY_BODY = YES;
				CLANG_WARN_ENUM_CONVERSION = YES;
				CLANG_WARN_INT_CONVERSION = YES;
				CLANG_WARN_OBJC_ROOT_CLASS = YES_ERROR;
				CLANG_WARN_UNREACHABLE_CODE = YES;
				CLANG_WARN__DUPLICATE_METHOD_MATCH = YES;
				"CODE_SIGN_IDENTITY[sdk=iphoneos*]" = "iPhone Developer";
				COPY_PHASE_STRIP = NO;
				DEBUG_INFORMATION_FORMAT = "dwarf-with-dsym";
				ENABLE_NS_ASSERTIONS = NO;
				ENABLE_STRICT_OBJC_MSGSEND = YES;
				GCC_C_LANGUAGE_STANDARD = gnu99;
				GCC_NO_COMMON_BLOCKS = YES;
				GCC_WARN_64_TO_32_BIT_CONVERSION = YES;
				GCC_WARN_ABOUT_RETURN_TYPE = YES_ERROR;
				GCC_WARN_UNDECLARED_SELECTOR = YES;
				GCC_WARN_UNINITIALIZED_AUTOS = YES_AGGRESSIVE;
				GCC_WARN_UNUSED_FUNCTION = YES;
				GCC_WARN_UNUSED_VARIABLE = YES;
				IPHONEOS_DEPLOYMENT_TARGET = 9.0;
				MTL_ENABLE_DEBUG_INFO = NO;
				SDKROOT = iphoneos;
				TARGETED_DEVICE_FAMILY = "1,2";
				VALIDATE_PRODUCT = YES;
			};
			name = Release;
		};
		B26890A31CFB4109005F27AD /* Debug */ = {
			isa = XCBuildConfiguration;
			buildSettings = {
				ASSETCATALOG_COMPILER_APPICON_NAME = AppIcon;
				INFOPLIST_FILE = PlyerScoop/Info.plist;
				IPHONEOS_DEPLOYMENT_TARGET = 9.0;
				LD_RUNPATH_SEARCH_PATHS = "$(inherited) @executable_path/Frameworks";
				PRODUCT_BUNDLE_IDENTIFIER = TBLStudio.PlyerScoop;
				PRODUCT_NAME = "$(TARGET_NAME)";
			};
			name = Debug;
		};
		B26890A41CFB4109005F27AD /* Release */ = {
			isa = XCBuildConfiguration;
			buildSettings = {
				ASSETCATALOG_COMPILER_APPICON_NAME = AppIcon;
				INFOPLIST_FILE = PlyerScoop/Info.plist;
				IPHONEOS_DEPLOYMENT_TARGET = 9.0;
				LD_RUNPATH_SEARCH_PATHS = "$(inherited) @executable_path/Frameworks";
				PRODUCT_BUNDLE_IDENTIFIER = TBLStudio.PlyerScoop;
				PRODUCT_NAME = "$(TARGET_NAME)";
			};
			name = Release;
		};
/* End XCBuildConfiguration section */

/* Begin XCConfigurationList section */
		B268908B1CFB4109005F27AD /* Build configuration list for PBXProject "PlyerScoop" */ = {
			isa = XCConfigurationList;
			buildConfigurations = (
				B26890A01CFB4109005F27AD /* Debug */,
				B26890A11CFB4109005F27AD /* Release */,
			);
			defaultConfigurationIsVisible = 0;
			defaultConfigurationName = Release;
		};
		B26890A21CFB4109005F27AD /* Build configuration list for PBXNativeTarget "PlyerScoop" */ = {
			isa = XCConfigurationList;
			buildConfigurations = (
				B26890A31CFB4109005F27AD /* Debug */,
				B26890A41CFB4109005F27AD /* Release */,
			);
			defaultConfigurationIsVisible = 0;
		};
/* End XCConfigurationList section */
	};
	rootObject = B26890881CFB4109005F27AD /* Project object */;
}
